
Microsoft Visual Studio Solution File, Format Version 12.00
# Visual Studio 2013
VisualStudioVersion = 12.0.21005.1
MinimumVisualStudioVersion = 10.0.40219.1
Project("{FAE04EC0-301F-11D3-BF4B-00C04F79EFBC}") = "TerraMap", "TerraMap\TerraMap.csproj", "{C76EDE7A-CB52-4290-B972-419D1C4D1C4A}"
EndProject
Project("{FAE04EC0-301F-11D3-BF4B-00C04F79EFBC}") = "Data", "Data\Data.csproj", "{215115FC-2270-4105-8F7B-3DEA4F267520}"
EndProject
Project("{FAE04EC0-301F-11D3-BF4B-00C04F79EFBC}") = "Console", "Console\Console.csproj", "{89543A8A-9514-43BC-976B-A9D3001D43C3}"
EndProject
Global
	GlobalSection(TeamFoundationVersionControl) = preSolution
		SccNumberOfProjects = 4
		SccEnterpriseProvider = {4CA58AB2-18FA-4F8D-95D4-32DDF27D184C}
		SccTeamFoundationServer = https://tfs.codeplex.com/tfs/tfs01
		SccProjectUniqueName0 = Data\\Data.csproj
		SccProjectName0 = Data
		SccLocalPath0 = Data
		SccProjectUniqueName1 = TerraMap\\TerraMap.csproj
		SccProjectName1 = TerraMap
		SccLocalPath1 = TerraMap
		SccProjectUniqueName2 = Console\\Console.csproj
		SccProjectName2 = Console
		SccLocalPath2 = Console
		SccLocalPath3 = .
	EndGlobalSection
	GlobalSection(SolutionConfigurationPlatforms) = preSolution
		Debug|Any CPU = Debug|Any CPU
		Release|Any CPU = Release|Any CPU
	EndGlobalSection
	GlobalSection(ProjectConfigurationPlatforms) = postSolution
		{C76EDE7A-CB52-4290-B972-419D1C4D1C4A}.Debug|Any CPU.ActiveCfg = Debug|Any CPU
		{C76EDE7A-CB52-4290-B972-419D1C4D1C4A}.Debug|Any CPU.Build.0 = Debug|Any CPU
		{C76EDE7A-CB52-4290-B972-419D1C4D1C4A}.Release|Any CPU.ActiveCfg = Release|Any CPU
		{C76EDE7A-CB52-4290-B972-419D1C4D1C4A}.Release|Any CPU.Build.0 = Release|Any CPU
		{215115FC-2270-4105-8F7B-3DEA4F267520}.Debug|Any CPU.ActiveCfg = Debug|Any CPU
		{215115FC-2270-4105-8F7B-3DEA4F267520}.Debug|Any CPU.Build.0 = Debug|Any CPU
		{215115FC-2270-4105-8F7B-3DEA4F267520}.Release|Any CPU.ActiveCfg = Release|Any CPU
		{215115FC-2270-4105-8F7B-3DEA4F267520}.Release|Any CPU.Build.0 = Release|Any CPU
		{89543A8A-9514-43BC-976B-A9D3001D43C3}.Debug|Any CPU.ActiveCfg = Debug|Any CPU
		{89543A8A-9514-43BC-976B-A9D3001D43C3}.Debug|Any CPU.Build.0 = Debug|Any CPU
		{89543A8A-9514-43BC-976B-A9D3001D43C3}.Release|Any CPU.ActiveCfg = Release|Any CPU
		{89543A8A-9514-43BC-976B-A9D3001D43C3}.Release|Any CPU.Build.0 = Release|Any CPU
	EndGlobalSection
	GlobalSection(SolutionProperties) = preSolution
		HideSolutionNode = FALSE
	EndGlobalSection
EndGlobal
