
Microsoft Visual Studio Solution File, Format Version 12.00
# Visual Studio 2013
VisualStudioVersion = 12.0.21005.1
MinimumVisualStudioVersion = 10.0.40219.1
Project("{FAE04EC0-301F-11D3-BF4B-00C04F79EFBC}") = "TerraMap", "TerraMap\TerraMap.csproj", "{C76EDE7A-CB52-4290-B972-419D1C4D1C4A}"
EndProject
Project("{FAE04EC0-301F-11D3-BF4B-00C04F79EFBC}") = "Data", "Data\Data.csproj", "{215115FC-2270-4105-8F7B-3DEA4F267520}"
EndProject
Project("{FAE04EC0-301F-11D3-BF4B-00C04F79EFBC}") = "Console", "Console\Console.csproj", "{89543A8A-9514-43BC-976B-A9D3001D43C3}"
EndProject
Project("{6141683F-8A12-4E36-9623-2EB02B2C2303}") = "Setup", "Setup\Setup.isproj", "{7530EE6C-72D1-4680-8817-44C7A7131B5F}"
	ProjectSection(ProjectDependencies) = postProject
		{C76EDE7A-CB52-4290-B972-419D1C4D1C4A} = {C76EDE7A-CB52-4290-B972-419D1C4D1C4A}
		{89543A8A-9514-43BC-976B-A9D3001D43C3} = {89543A8A-9514-43BC-976B-A9D3001D43C3}
	EndProjectSection
EndProject
Global
	GlobalSection(TeamFoundationVersionControl) = preSolution
		SccNumberOfProjects = 5
		SccEnterpriseProvider = {4CA58AB2-18FA-4F8D-95D4-32DDF27D184C}
		SccTeamFoundationServer = https://tfs.codeplex.com/tfs/tfs01
		SccLocalPath0 = .
		SccProjectUniqueName1 = Data\\Data.csproj
		SccProjectName1 = Data
		SccLocalPath1 = Data
		SccProjectUniqueName2 = TerraMap\\TerraMap.csproj
		SccProjectName2 = TerraMap
		SccLocalPath2 = TerraMap
		SccProjectUniqueName3 = Console\\Console.csproj
		SccProjectName3 = Console
		SccLocalPath3 = Console
		SccProjectUniqueName4 = Setup\\Setup.isproj
		SccProjectName4 = Setup
		SccLocalPath4 = Setup
	EndGlobalSection
	GlobalSection(SolutionConfigurationPlatforms) = preSolution
		CD_ROM|Any CPU = CD_ROM|Any CPU
		Debug|Any CPU = Debug|Any CPU
		DVD-5|Any CPU = DVD-5|Any CPU
		Release|Any CPU = Release|Any CPU
		SingleImage|Any CPU = SingleImage|Any CPU
	EndGlobalSection
	GlobalSection(ProjectConfigurationPlatforms) = postSolution
		{C76EDE7A-CB52-4290-B972-419D1C4D1C4A}.CD_ROM|Any CPU.ActiveCfg = Release|Any CPU
		{C76EDE7A-CB52-4290-B972-419D1C4D1C4A}.CD_ROM|Any CPU.Build.0 = Release|Any CPU
		{C76EDE7A-CB52-4290-B972-419D1C4D1C4A}.Debug|Any CPU.ActiveCfg = Debug|Any CPU
		{C76EDE7A-CB52-4290-B972-419D1C4D1C4A}.Debug|Any CPU.Build.0 = Debug|Any CPU
		{C76EDE7A-CB52-4290-B972-419D1C4D1C4A}.DVD-5|Any CPU.ActiveCfg = Debug|Any CPU
		{C76EDE7A-CB52-4290-B972-419D1C4D1C4A}.DVD-5|Any CPU.Build.0 = Debug|Any CPU
		{C76EDE7A-CB52-4290-B972-419D1C4D1C4A}.Release|Any CPU.ActiveCfg = Release|Any CPU
		{C76EDE7A-CB52-4290-B972-419D1C4D1C4A}.Release|Any CPU.Build.0 = Release|Any CPU
		{C76EDE7A-CB52-4290-B972-419D1C4D1C4A}.SingleImage|Any CPU.ActiveCfg = Release|Any CPU
		{C76EDE7A-CB52-4290-B972-419D1C4D1C4A}.SingleImage|Any CPU.Build.0 = Release|Any CPU
		{215115FC-2270-4105-8F7B-3DEA4F267520}.CD_ROM|Any CPU.ActiveCfg = Release|Any CPU
		{215115FC-2270-4105-8F7B-3DEA4F267520}.CD_ROM|Any CPU.Build.0 = Release|Any CPU
		{215115FC-2270-4105-8F7B-3DEA4F267520}.Debug|Any CPU.ActiveCfg = Debug|Any CPU
		{215115FC-2270-4105-8F7B-3DEA4F267520}.Debug|Any CPU.Build.0 = Debug|Any CPU
		{215115FC-2270-4105-8F7B-3DEA4F267520}.DVD-5|Any CPU.ActiveCfg = Debug|Any CPU
		{215115FC-2270-4105-8F7B-3DEA4F267520}.DVD-5|Any CPU.Build.0 = Debug|Any CPU
		{215115FC-2270-4105-8F7B-3DEA4F267520}.Release|Any CPU.ActiveCfg = Release|Any CPU
		{215115FC-2270-4105-8F7B-3DEA4F267520}.Release|Any CPU.Build.0 = Release|Any CPU
		{215115FC-2270-4105-8F7B-3DEA4F267520}.SingleImage|Any CPU.ActiveCfg = Release|Any CPU
		{215115FC-2270-4105-8F7B-3DEA4F267520}.SingleImage|Any CPU.Build.0 = Release|Any CPU
		{89543A8A-9514-43BC-976B-A9D3001D43C3}.CD_ROM|Any CPU.ActiveCfg = Release|Any CPU
		{89543A8A-9514-43BC-976B-A9D3001D43C3}.CD_ROM|Any CPU.Build.0 = Release|Any CPU
		{89543A8A-9514-43BC-976B-A9D3001D43C3}.Debug|Any CPU.ActiveCfg = Debug|Any CPU
		{89543A8A-9514-43BC-976B-A9D3001D43C3}.Debug|Any CPU.Build.0 = Debug|Any CPU
		{89543A8A-9514-43BC-976B-A9D3001D43C3}.DVD-5|Any CPU.ActiveCfg = Debug|Any CPU
		{89543A8A-9514-43BC-976B-A9D3001D43C3}.DVD-5|Any CPU.Build.0 = Debug|Any CPU
		{89543A8A-9514-43BC-976B-A9D3001D43C3}.Release|Any CPU.ActiveCfg = Release|Any CPU
		{89543A8A-9514-43BC-976B-A9D3001D43C3}.Release|Any CPU.Build.0 = Release|Any CPU
		{89543A8A-9514-43BC-976B-A9D3001D43C3}.SingleImage|Any CPU.ActiveCfg = Release|Any CPU
		{89543A8A-9514-43BC-976B-A9D3001D43C3}.SingleImage|Any CPU.Build.0 = Release|Any CPU
		{7530EE6C-72D1-4680-8817-44C7A7131B5F}.CD_ROM|Any CPU.ActiveCfg = CD_ROM
		{7530EE6C-72D1-4680-8817-44C7A7131B5F}.CD_ROM|Any CPU.Build.0 = CD_ROM
		{7530EE6C-72D1-4680-8817-44C7A7131B5F}.Debug|Any CPU.ActiveCfg = SingleImage
		{7530EE6C-72D1-4680-8817-44C7A7131B5F}.Debug|Any CPU.Build.0 = SingleImage
		{7530EE6C-72D1-4680-8817-44C7A7131B5F}.DVD-5|Any CPU.ActiveCfg = DVD-5
		{7530EE6C-72D1-4680-8817-44C7A7131B5F}.DVD-5|Any CPU.Build.0 = DVD-5
		{7530EE6C-72D1-4680-8817-44C7A7131B5F}.Release|Any CPU.ActiveCfg = SingleImage
		{7530EE6C-72D1-4680-8817-44C7A7131B5F}.Release|Any CPU.Build.0 = SingleImage
		{7530EE6C-72D1-4680-8817-44C7A7131B5F}.SingleImage|Any CPU.ActiveCfg = SingleImage
		{7530EE6C-72D1-4680-8817-44C7A7131B5F}.SingleImage|Any CPU.Build.0 = SingleImage
	EndGlobalSection
	GlobalSection(SolutionProperties) = preSolution
		HideSolutionNode = FALSE
	EndGlobalSection
EndGlobal
